
Microsoft Visual Studio Solution File, Format Version 12.00
# Visual Studio Version 16
VisualStudioVersion = 16.0.29326.143
MinimumVisualStudioVersion = 10.0.40219.1
Project("{FAE04EC0-301F-11D3-BF4B-00C04F79EFBC}") = "tema 25102019", "tema 25102019.csproj", "{B93BDC18-728F-41B0-8B22-1EC0EEF0D240}"
EndProject
Global
	GlobalSection(SolutionConfigurationPlatforms) = preSolution
		Debug|Any CPU = Debug|Any CPU
		Release|Any CPU = Release|Any CPU
	EndGlobalSection
	GlobalSection(ProjectConfigurationPlatforms) = postSolution
		{B93BDC18-728F-41B0-8B22-1EC0EEF0D240}.Debug|Any CPU.ActiveCfg = Debug|Any CPU
		{B93BDC18-728F-41B0-8B22-1EC0EEF0D240}.Debug|Any CPU.Build.0 = Debug|Any CPU
		{B93BDC18-728F-41B0-8B22-1EC0EEF0D240}.Release|Any CPU.ActiveCfg = Release|Any CPU
		{B93BDC18-728F-41B0-8B22-1EC0EEF0D240}.Release|Any CPU.Build.0 = Release|Any CPU
	EndGlobalSection
	GlobalSection(SolutionProperties) = preSolution
		HideSolutionNode = FALSE
	EndGlobalSection
	GlobalSection(ExtensibilityGlobals) = postSolution
		SolutionGuid = {B5D8C233-2363-46D8-9553-8C7027E5BAA9}
	EndGlobalSection
EndGlobal
